// !$*UTF8*$!
{
	archiveVersion = 1;
	classes = {
	};
	objectVersion = 56;
	objects = {

/* Begin PBXFileReference section */
		DC5E5CC12A5F4E7400C5148A /* footer_basic_DE.html */ = {isa = PBXFileReference; lastKnownFileType = text.html; path = footer_basic_DE.html; sourceTree = "<group>"; };
		DCA15F982A5FEAB4004C189D /* styles.css */ = {isa = PBXFileReference; lastKnownFileType = text.css; path = styles.css; sourceTree = "<group>"; };
		DCA15F992A5FFF38004C189D /* README.md */ = {isa = PBXFileReference; lastKnownFileType = net.daringfireball.markdown; path = README.md; sourceTree = "<group>"; };
		DCA15F9A2A601B7D004C189D /* footer_basic_EN.html */ = {isa = PBXFileReference; lastKnownFileType = text.html; path = footer_basic_EN.html; sourceTree = "<group>"; };
		DCA15F9B2A601C8A004C189D /* footer_service_DE.html */ = {isa = PBXFileReference; lastKnownFileType = text.html; path = footer_service_DE.html; sourceTree = "<group>"; };
/* End PBXFileReference section */

/* Begin PBXGroup section */
		DC5E5CB72A5F4B9900C5148A = {
			isa = PBXGroup;
			children = (
				DCA15F9B2A601C8A004C189D /* footer_service_DE.html */,
				DCA15F9A2A601B7D004C189D /* footer_basic_EN.html */,
				DC5E5CC12A5F4E7400C5148A /* footer_basic_DE.html */,
				DCA15F982A5FEAB4004C189D /* styles.css */,
				DCA15F992A5FFF38004C189D /* README.md */,
			);
			sourceTree = "<group>";
		};
/* End PBXGroup section */

/* Begin PBXProject section */
		DC5E5CB82A5F4B9900C5148A /* Project object */ = {
			isa = PBXProject;
			attributes = {
				BuildIndependentTargetsInParallel = 1;
				LastUpgradeCheck = 1420;
			};
			buildConfigurationList = DC5E5CBB2A5F4B9900C5148A /* Build configuration list for PBXProject "cyclio-footers" */;
			compatibilityVersion = "Xcode 14.0";
			developmentRegion = en;
			hasScannedForEncodings = 0;
			knownRegions = (
				en,
				Base,
			);
			mainGroup = DC5E5CB72A5F4B9900C5148A;
			projectDirPath = "";
			projectRoot = "";
			targets = (
			);
		};
/* End PBXProject section */

/* Begin XCBuildConfiguration section */
		DC5E5CBC2A5F4B9900C5148A /* Debug */ = {
			isa = XCBuildConfiguration;
			buildSettings = {
			};
			name = Debug;
		};
		DC5E5CBD2A5F4B9900C5148A /* Release */ = {
			isa = XCBuildConfiguration;
			buildSettings = {
			};
			name = Release;
		};
/* End XCBuildConfiguration section */

/* Begin XCConfigurationList section */
		DC5E5CBB2A5F4B9900C5148A /* Build configuration list for PBXProject "cyclio-footers" */ = {
			isa = XCConfigurationList;
			buildConfigurations = (
				DC5E5CBC2A5F4B9900C5148A /* Debug */,
				DC5E5CBD2A5F4B9900C5148A /* Release */,
			);
			defaultConfigurationIsVisible = 0;
			defaultConfigurationName = Release;
		};
/* End XCConfigurationList section */
	};
	rootObject = DC5E5CB82A5F4B9900C5148A /* Project object */;
}
